// !$*UTF8*$!
{
	archiveVersion = 1;
	classes = {
	};
	objectVersion = 46;
	objects = {

/* Begin PBXBuildFile section */
		304DDC991E04801F006B22D5 /* DriverViewController.swift in Sources */ = {isa = PBXBuildFile; fileRef = 304DDC981E04801F006B22D5 /* DriverViewController.swift */; };
		306F8E731E03495E003867E8 /* AppDelegate.swift in Sources */ = {isa = PBXBuildFile; fileRef = 306F8E721E03495E003867E8 /* AppDelegate.swift */; };
		306F8E751E03495E003867E8 /* ViewController.swift in Sources */ = {isa = PBXBuildFile; fileRef = 306F8E741E03495E003867E8 /* ViewController.swift */; };
		306F8E781E03495E003867E8 /* Main.storyboard in Resources */ = {isa = PBXBuildFile; fileRef = 306F8E761E03495E003867E8 /* Main.storyboard */; };
		306F8E7A1E03495E003867E8 /* Assets.xcassets in Resources */ = {isa = PBXBuildFile; fileRef = 306F8E791E03495E003867E8 /* Assets.xcassets */; };
		306F8E7D1E03495E003867E8 /* LaunchScreen.storyboard in Resources */ = {isa = PBXBuildFile; fileRef = 306F8E7B1E03495E003867E8 /* LaunchScreen.storyboard */; };
		30A9C2D11E0354D4001EA55B /* attribution.txt in Resources */ = {isa = PBXBuildFile; fileRef = 30A9C2D01E0354D4001EA55B /* attribution.txt */; };
		30A9C2D71E035C14001EA55B /* croppedBG3.jpg in Resources */ = {isa = PBXBuildFile; fileRef = 30A9C2D61E035C14001EA55B /* croppedBG3.jpg */; };
		30A9C2D91E03D68E001EA55B /* RiderViewController.swift in Sources */ = {isa = PBXBuildFile; fileRef = 30A9C2D81E03D68E001EA55B /* RiderViewController.swift */; };
		30A9C2DB1E03DB39001EA55B /* MapKit.framework in Frameworks */ = {isa = PBXBuildFile; fileRef = 30A9C2DA1E03DB39001EA55B /* MapKit.framework */; };
		76369B8036464594A9F4D0C1 /* Pods_Transprt.framework in Frameworks */ = {isa = PBXBuildFile; fileRef = B70EAD90B97F5EC9B4DF5A36 /* Pods_Transprt.framework */; };
/* End PBXBuildFile section */

/* Begin PBXFileReference section */
		304DDC981E04801F006B22D5 /* DriverViewController.swift */ = {isa = PBXFileReference; fileEncoding = 4; lastKnownFileType = sourcecode.swift; path = DriverViewController.swift; sourceTree = "<group>"; };
		306F8E6F1E03495E003867E8 /* Transprt.app */ = {isa = PBXFileReference; explicitFileType = wrapper.application; includeInIndex = 0; path = Transprt.app; sourceTree = BUILT_PRODUCTS_DIR; };
		306F8E721E03495E003867E8 /* AppDelegate.swift */ = {isa = PBXFileReference; lastKnownFileType = sourcecode.swift; path = AppDelegate.swift; sourceTree = "<group>"; };
		306F8E741E03495E003867E8 /* ViewController.swift */ = {isa = PBXFileReference; lastKnownFileType = sourcecode.swift; path = ViewController.swift; sourceTree = "<group>"; };
		306F8E771E03495E003867E8 /* Base */ = {isa = PBXFileReference; lastKnownFileType = file.storyboard; name = Base; path = Base.lproj/Main.storyboard; sourceTree = "<group>"; };
		306F8E791E03495E003867E8 /* Assets.xcassets */ = {isa = PBXFileReference; lastKnownFileType = folder.assetcatalog; path = Assets.xcassets; sourceTree = "<group>"; };
		306F8E7C1E03495E003867E8 /* Base */ = {isa = PBXFileReference; lastKnownFileType = file.storyboard; name = Base; path = Base.lproj/LaunchScreen.storyboard; sourceTree = "<group>"; };
		306F8E7E1E03495E003867E8 /* Info.plist */ = {isa = PBXFileReference; lastKnownFileType = text.plist.xml; path = Info.plist; sourceTree = "<group>"; };
		30A9C2D01E0354D4001EA55B /* attribution.txt */ = {isa = PBXFileReference; fileEncoding = 4; lastKnownFileType = text; path = attribution.txt; sourceTree = "<group>"; };
		30A9C2D61E035C14001EA55B /* croppedBG3.jpg */ = {isa = PBXFileReference; lastKnownFileType = image.jpeg; path = croppedBG3.jpg; sourceTree = "<group>"; };
		30A9C2D81E03D68E001EA55B /* RiderViewController.swift */ = {isa = PBXFileReference; fileEncoding = 4; lastKnownFileType = sourcecode.swift; path = RiderViewController.swift; sourceTree = "<group>"; };
		30A9C2DA1E03DB39001EA55B /* MapKit.framework */ = {isa = PBXFileReference; lastKnownFileType = wrapper.framework; name = MapKit.framework; path = System/Library/Frameworks/MapKit.framework; sourceTree = SDKROOT; };
		5D5AF03A069A4A7A8E3A1B9C /* Pods-Transprt.debug.xcconfig */ = {isa = PBXFileReference; includeInIndex = 1; lastKnownFileType = text.xcconfig; name = "Pods-Transprt.debug.xcconfig"; path = "Pods/Target Support Files/Pods-Transprt/Pods-Transprt.debug.xcconfig"; sourceTree = "<group>"; };
		B70EAD90B97F5EC9B4DF5A36 /* Pods_Transprt.framework */ = {isa = PBXFileReference; explicitFileType = wrapper.framework; includeInIndex = 0; path = Pods_Transprt.framework; sourceTree = BUILT_PRODUCTS_DIR; };
		C2E9BB6B8EB2184FF2C4C30B /* Pods-Transprt.release.xcconfig */ = {isa = PBXFileReference; includeInIndex = 1; lastKnownFileType = text.xcconfig; name = "Pods-Transprt.release.xcconfig"; path = "Pods/Target Support Files/Pods-Transprt/Pods-Transprt.release.xcconfig"; sourceTree = "<group>"; };
/* End PBXFileReference section */

/* Begin PBXFrameworksBuildPhase section */
		306F8E6C1E03495E003867E8 /* Frameworks */ = {
			isa = PBXFrameworksBuildPhase;
			buildActionMask = 2147483647;
			files = (
				30A9C2DB1E03DB39001EA55B /* MapKit.framework in Frameworks */,
				76369B8036464594A9F4D0C1 /* Pods_Transprt.framework in Frameworks */,
			);
			runOnlyForDeploymentPostprocessing = 0;
		};
/* End PBXFrameworksBuildPhase section */

/* Begin PBXGroup section */
		16672A1F4F64B12C5A7A5591 /* Frameworks */ = {
			isa = PBXGroup;
			children = (
				30A9C2DA1E03DB39001EA55B /* MapKit.framework */,
				B70EAD90B97F5EC9B4DF5A36 /* Pods_Transprt.framework */,
			);
			name = Frameworks;
			sourceTree = "<group>";
		};
		1C289347B7B8DBAF58777719 /* Pods */ = {
			isa = PBXGroup;
			children = (
				5D5AF03A069A4A7A8E3A1B9C /* Pods-Transprt.debug.xcconfig */,
				C2E9BB6B8EB2184FF2C4C30B /* Pods-Transprt.release.xcconfig */,
			);
			name = Pods;
			sourceTree = "<group>";
		};
		306F8E661E03495E003867E8 = {
			isa = PBXGroup;
			children = (
				306F8E711E03495E003867E8 /* Transprt */,
				306F8E701E03495E003867E8 /* Products */,
				1C289347B7B8DBAF58777719 /* Pods */,
				16672A1F4F64B12C5A7A5591 /* Frameworks */,
			);
			sourceTree = "<group>";
		};
		306F8E701E03495E003867E8 /* Products */ = {
			isa = PBXGroup;
			children = (
				306F8E6F1E03495E003867E8 /* Transprt.app */,
			);
			name = Products;
			sourceTree = "<group>";
		};
		306F8E711E03495E003867E8 /* Transprt */ = {
			isa = PBXGroup;
			children = (
				30A9C2CF1E0354C3001EA55B /* Media */,
				306F8E721E03495E003867E8 /* AppDelegate.swift */,
				306F8E741E03495E003867E8 /* ViewController.swift */,
				30A9C2D81E03D68E001EA55B /* RiderViewController.swift */,
				306F8E761E03495E003867E8 /* Main.storyboard */,
				304DDC981E04801F006B22D5 /* DriverViewController.swift */,
				306F8E791E03495E003867E8 /* Assets.xcassets */,
				306F8E7B1E03495E003867E8 /* LaunchScreen.storyboard */,
				306F8E7E1E03495E003867E8 /* Info.plist */,
			);
			path = Transprt;
			sourceTree = "<group>";
		};
		30A9C2CF1E0354C3001EA55B /* Media */ = {
			isa = PBXGroup;
			children = (
				30A9C2D61E035C14001EA55B /* croppedBG3.jpg */,
				30A9C2D01E0354D4001EA55B /* attribution.txt */,
			);
			name = Media;
			sourceTree = "<group>";
		};
/* End PBXGroup section */

/* Begin PBXNativeTarget section */
		306F8E6E1E03495E003867E8 /* Transprt */ = {
			isa = PBXNativeTarget;
			buildConfigurationList = 306F8E811E03495E003867E8 /* Build configuration list for PBXNativeTarget "Transprt" */;
			buildPhases = (
				0EAC4A1D030E8A81C27E92D9 /* [CP] Check Pods Manifest.lock */,
				306F8E6B1E03495E003867E8 /* Sources */,
				306F8E6C1E03495E003867E8 /* Frameworks */,
				306F8E6D1E03495E003867E8 /* Resources */,
				4B3E88E3C433CC1DACF8AAD2 /* [CP] Embed Pods Frameworks */,
				08883E270681862F9D82CCBB /* [CP] Copy Pods Resources */,
			);
			buildRules = (
			);
			dependencies = (
			);
			name = Transprt;
			productName = Transprt;
			productReference = 306F8E6F1E03495E003867E8 /* Transprt.app */;
			productType = "com.apple.product-type.application";
		};
/* End PBXNativeTarget section */

/* Begin PBXProject section */
		306F8E671E03495E003867E8 /* Project object */ = {
			isa = PBXProject;
			attributes = {
				LastSwiftUpdateCheck = 0820;
				LastUpgradeCheck = 0820;
				ORGANIZATIONNAME = RLabs;
				TargetAttributes = {
					306F8E6E1E03495E003867E8 = {
						CreatedOnToolsVersion = 8.2;
						DevelopmentTeam = 59ZDL3D4PJ;
						ProvisioningStyle = Automatic;
					};
				};
			};
			buildConfigurationList = 306F8E6A1E03495E003867E8 /* Build configuration list for PBXProject "Transprt" */;
			compatibilityVersion = "Xcode 3.2";
			developmentRegion = English;
			hasScannedForEncodings = 0;
			knownRegions = (
				en,
				Base,
			);
			mainGroup = 306F8E661E03495E003867E8;
			productRefGroup = 306F8E701E03495E003867E8 /* Products */;
			projectDirPath = "";
			projectRoot = "";
			targets = (
				306F8E6E1E03495E003867E8 /* Transprt */,
			);
		};
/* End PBXProject section */

/* Begin PBXResourcesBuildPhase section */
		306F8E6D1E03495E003867E8 /* Resources */ = {
			isa = PBXResourcesBuildPhase;
			buildActionMask = 2147483647;
			files = (
				30A9C2D71E035C14001EA55B /* croppedBG3.jpg in Resources */,
				306F8E7D1E03495E003867E8 /* LaunchScreen.storyboard in Resources */,
				306F8E7A1E03495E003867E8 /* Assets.xcassets in Resources */,
				30A9C2D11E0354D4001EA55B /* attribution.txt in Resources */,
				306F8E781E03495E003867E8 /* Main.storyboard in Resources */,
			);
			runOnlyForDeploymentPostprocessing = 0;
		};
/* End PBXResourcesBuildPhase section */

/* Begin PBXShellScriptBuildPhase section */
		08883E270681862F9D82CCBB /* [CP] Copy Pods Resources */ = {
			isa = PBXShellScriptBuildPhase;
			buildActionMask = 2147483647;
			files = (
			);
			inputPaths = (
			);
			name = "[CP] Copy Pods Resources";
			outputPaths = (
			);
			runOnlyForDeploymentPostprocessing = 0;
			shellPath = /bin/sh;
			shellScript = "\"${SRCROOT}/Pods/Target Support Files/Pods-Transprt/Pods-Transprt-resources.sh\"\n";
			showEnvVarsInLog = 0;
		};
		0EAC4A1D030E8A81C27E92D9 /* [CP] Check Pods Manifest.lock */ = {
			isa = PBXShellScriptBuildPhase;
			buildActionMask = 2147483647;
			files = (
			);
			inputPaths = (
			);
			name = "[CP] Check Pods Manifest.lock";
			outputPaths = (
			);
			runOnlyForDeploymentPostprocessing = 0;
			shellPath = /bin/sh;
			shellScript = "diff \"${PODS_ROOT}/../Podfile.lock\" \"${PODS_ROOT}/Manifest.lock\" > /dev/null\nif [ $? != 0 ] ; then\n    # print error to STDERR\n    echo \"error: The sandbox is not in sync with the Podfile.lock. Run 'pod install' or update your CocoaPods installation.\" >&2\n    exit 1\nfi\n";
			showEnvVarsInLog = 0;
		};
		4B3E88E3C433CC1DACF8AAD2 /* [CP] Embed Pods Frameworks */ = {
			isa = PBXShellScriptBuildPhase;
			buildActionMask = 2147483647;
			files = (
			);
			inputPaths = (
			);
			name = "[CP] Embed Pods Frameworks";
			outputPaths = (
			);
			runOnlyForDeploymentPostprocessing = 0;
			shellPath = /bin/sh;
			shellScript = "\"${SRCROOT}/Pods/Target Support Files/Pods-Transprt/Pods-Transprt-frameworks.sh\"\n";
			showEnvVarsInLog = 0;
		};
/* End PBXShellScriptBuildPhase section */

/* Begin PBXSourcesBuildPhase section */
		306F8E6B1E03495E003867E8 /* Sources */ = {
			isa = PBXSourcesBuildPhase;
			buildActionMask = 2147483647;
			files = (
				304DDC991E04801F006B22D5 /* DriverViewController.swift in Sources */,
				306F8E751E03495E003867E8 /* ViewController.swift in Sources */,
				30A9C2D91E03D68E001EA55B /* RiderViewController.swift in Sources */,
				306F8E731E03495E003867E8 /* AppDelegate.swift in Sources */,
			);
			runOnlyForDeploymentPostprocessing = 0;
		};
/* End PBXSourcesBuildPhase section */

/* Begin PBXVariantGroup section */
		306F8E761E03495E003867E8 /* Main.storyboard */ = {
			isa = PBXVariantGroup;
			children = (
				306F8E771E03495E003867E8 /* Base */,
			);
			name = Main.storyboard;
			sourceTree = "<group>";
		};
		306F8E7B1E03495E003867E8 /* LaunchScreen.storyboard */ = {
			isa = PBXVariantGroup;
			children = (
				306F8E7C1E03495E003867E8 /* Base */,
			);
			name = LaunchScreen.storyboard;
			sourceTree = "<group>";
		};
/* End PBXVariantGroup section */

/* Begin XCBuildConfiguration section */
		306F8E7F1E03495E003867E8 /* Debug */ = {
			isa = XCBuildConfiguration;
			buildSettings = {
				ALWAYS_SEARCH_USER_PATHS = NO;
				CLANG_ANALYZER_NONNULL = YES;
				CLANG_CXX_LANGUAGE_STANDARD = "gnu++0x";
				CLANG_CXX_LIBRARY = "libc++";
				CLANG_ENABLE_MODULES = YES;
				CLANG_ENABLE_OBJC_ARC = YES;
				CLANG_WARN_BOOL_CONVERSION = YES;
				CLANG_WARN_CONSTANT_CONVERSION = YES;
				CLANG_WARN_DIRECT_OBJC_ISA_USAGE = YES_ERROR;
				CLANG_WARN_DOCUMENTATION_COMMENTS = YES;
				CLANG_WARN_EMPTY_BODY = YES;
				CLANG_WARN_ENUM_CONVERSION = YES;
				CLANG_WARN_INFINITE_RECURSION = YES;
				CLANG_WARN_INT_CONVERSION = YES;
				CLANG_WARN_OBJC_ROOT_CLASS = YES_ERROR;
				CLANG_WARN_SUSPICIOUS_MOVE = YES;
				CLANG_WARN_UNREACHABLE_CODE = YES;
				CLANG_WARN__DUPLICATE_METHOD_MATCH = YES;
				"CODE_SIGN_IDENTITY[sdk=iphoneos*]" = "iPhone Developer";
				COPY_PHASE_STRIP = NO;
				DEBUG_INFORMATION_FORMAT = dwarf;
				ENABLE_STRICT_OBJC_MSGSEND = YES;
				ENABLE_TESTABILITY = YES;
				GCC_C_LANGUAGE_STANDARD = gnu99;
				GCC_DYNAMIC_NO_PIC = NO;
				GCC_NO_COMMON_BLOCKS = YES;
				GCC_OPTIMIZATION_LEVEL = 0;
				GCC_PREPROCESSOR_DEFINITIONS = (
					"DEBUG=1",
					"$(inherited)",
				);
				GCC_WARN_64_TO_32_BIT_CONVERSION = YES;
				GCC_WARN_ABOUT_RETURN_TYPE = YES_ERROR;
				GCC_WARN_UNDECLARED_SELECTOR = YES;
				GCC_WARN_UNINITIALIZED_AUTOS = YES_AGGRESSIVE;
				GCC_WARN_UNUSED_FUNCTION = YES;
				GCC_WARN_UNUSED_VARIABLE = YES;
				IPHONEOS_DEPLOYMENT_TARGET = 10.2;
				MTL_ENABLE_DEBUG_INFO = YES;
				ONLY_ACTIVE_ARCH = YES;
				SDKROOT = iphoneos;
				SWIFT_ACTIVE_COMPILATION_CONDITIONS = DEBUG;
				SWIFT_OPTIMIZATION_LEVEL = "-Onone";
			};
			name = Debug;
		};
		306F8E801E03495E003867E8 /* Release */ = {
			isa = XCBuildConfiguration;
			buildSettings = {
				ALWAYS_SEARCH_USER_PATHS = NO;
				CLANG_ANALYZER_NONNULL = YES;
				CLANG_CXX_LANGUAGE_STANDARD = "gnu++0x";
				CLANG_CXX_LIBRARY = "libc++";
				CLANG_ENABLE_MODULES = YES;
				CLANG_ENABLE_OBJC_ARC = YES;
				CLANG_WARN_BOOL_CONVERSION = YES;
				CLANG_WARN_CONSTANT_CONVERSION = YES;
				CLANG_WARN_DIRECT_OBJC_ISA_USAGE = YES_ERROR;
				CLANG_WARN_DOCUMENTATION_COMMENTS = YES;
				CLANG_WARN_EMPTY_BODY = YES;
				CLANG_WARN_ENUM_CONVERSION = YES;
				CLANG_WARN_INFINITE_RECURSION = YES;
				CLANG_WARN_INT_CONVERSION = YES;
				CLANG_WARN_OBJC_ROOT_CLASS = YES_ERROR;
				CLANG_WARN_SUSPICIOUS_MOVE = YES;
				CLANG_WARN_UNREACHABLE_CODE = YES;
				CLANG_WARN__DUPLICATE_METHOD_MATCH = YES;
				"CODE_SIGN_IDENTITY[sdk=iphoneos*]" = "iPhone Developer";
				COPY_PHASE_STRIP = NO;
				DEBUG_INFORMATION_FORMAT = "dwarf-with-dsym";
				ENABLE_NS_ASSERTIONS = NO;
				ENABLE_STRICT_OBJC_MSGSEND = YES;
				GCC_C_LANGUAGE_STANDARD = gnu99;
				GCC_NO_COMMON_BLOCKS = YES;
				GCC_WARN_64_TO_32_BIT_CONVERSION = YES;
				GCC_WARN_ABOUT_RETURN_TYPE = YES_ERROR;
				GCC_WARN_UNDECLARED_SELECTOR = YES;
				GCC_WARN_UNINITIALIZED_AUTOS = YES_AGGRESSIVE;
				GCC_WARN_UNUSED_FUNCTION = YES;
				GCC_WARN_UNUSED_VARIABLE = YES;
				IPHONEOS_DEPLOYMENT_TARGET = 10.2;
				MTL_ENABLE_DEBUG_INFO = NO;
				SDKROOT = iphoneos;
				SWIFT_OPTIMIZATION_LEVEL = "-Owholemodule";
				VALIDATE_PRODUCT = YES;
			};
			name = Release;
		};
		306F8E821E03495E003867E8 /* Debug */ = {
			isa = XCBuildConfiguration;
			baseConfigurationReference = 5D5AF03A069A4A7A8E3A1B9C /* Pods-Transprt.debug.xcconfig */;
			buildSettings = {
				ASSETCATALOG_COMPILER_APPICON_NAME = AppIcon;
				DEVELOPMENT_TEAM = 59ZDL3D4PJ;
				INFOPLIST_FILE = Transprt/Info.plist;
				IPHONEOS_DEPLOYMENT_TARGET = 9.0;
				LD_RUNPATH_SEARCH_PATHS = "$(inherited) @executable_path/Frameworks";
				PRODUCT_BUNDLE_IDENTIFIER = tech.rlabs.Transprt;
				PRODUCT_NAME = "$(TARGET_NAME)";
				SWIFT_VERSION = 3.0;
			};
			name = Debug;
		};
		306F8E831E03495E003867E8 /* Release */ = {
			isa = XCBuildConfiguration;
			baseConfigurationReference = C2E9BB6B8EB2184FF2C4C30B /* Pods-Transprt.release.xcconfig */;
			buildSettings = {
				ASSETCATALOG_COMPILER_APPICON_NAME = AppIcon;
				DEVELOPMENT_TEAM = 59ZDL3D4PJ;
				INFOPLIST_FILE = Transprt/Info.plist;
				IPHONEOS_DEPLOYMENT_TARGET = 9.0;
				LD_RUNPATH_SEARCH_PATHS = "$(inherited) @executable_path/Frameworks";
				PRODUCT_BUNDLE_IDENTIFIER = tech.rlabs.Transprt;
				PRODUCT_NAME = "$(TARGET_NAME)";
				SWIFT_VERSION = 3.0;
			};
			name = Release;
		};
/* End XCBuildConfiguration section */

/* Begin XCConfigurationList section */
		306F8E6A1E03495E003867E8 /* Build configuration list for PBXProject "Transprt" */ = {
			isa = XCConfigurationList;
			buildConfigurations = (
				306F8E7F1E03495E003867E8 /* Debug */,
				306F8E801E03495E003867E8 /* Release */,
			);
			defaultConfigurationIsVisible = 0;
			defaultConfigurationName = Release;
		};
		306F8E811E03495E003867E8 /* Build configuration list for PBXNativeTarget "Transprt" */ = {
			isa = XCConfigurationList;
			buildConfigurations = (
				306F8E821E03495E003867E8 /* Debug */,
				306F8E831E03495E003867E8 /* Release */,
			);
			defaultConfigurationIsVisible = 0;
			defaultConfigurationName = Release;
		};
/* End XCConfigurationList section */
	};
	rootObject = 306F8E671E03495E003867E8 /* Project object */;
}
